// !$*UTF8*$!
{
	archiveVersion = 1;
	classes = {
	};
	objectVersion = 77;
	objects = {

/* Begin PBXBuildFile section */
		89B32A222F3B7E5800E611D4 /* FirebaseAI in Frameworks */ = {isa = PBXBuildFile; productRef = 89B32A212F3B7E5800E611D4 /* FirebaseAI */; };
		89B32A242F3B7E5800E611D4 /* FirebaseAILogic in Frameworks */ = {isa = PBXBuildFile; productRef = 89B32A232F3B7E5800E611D4 /* FirebaseAILogic */; };
		89B32A262F3B7E5800E611D4 /* FirebaseAnalytics in Frameworks */ = {isa = PBXBuildFile; productRef = 89B32A252F3B7E5800E611D4 /* FirebaseAnalytics */; };
		89B32A282F3B7E5800E611D4 /* FirebaseAnalyticsCore in Frameworks */ = {isa = PBXBuildFile; productRef = 89B32A272F3B7E5800E611D4 /* FirebaseAnalyticsCore */; };
		89B32A2A2F3B7E5800E611D4 /* FirebaseAnalyticsIdentitySupport in Frameworks */ = {isa = PBXBuildFile; productRef = 89B32A292F3B7E5800E611D4 /* FirebaseAnalyticsIdentitySupport */; };
/* End PBXBuildFile section */

/* Begin PBXContainerItemProxy section */
		89283D7D2F3B6FC100D9F46E /* PBXContainerItemProxy */ = {
			isa = PBXContainerItemProxy;
			containerPortal = 89283D672F3B6FC100D9F46E /* Project object */;
			proxyType = 1;
			remoteGlobalIDString = 89283D6E2F3B6FC100D9F46E;
			remoteInfo = markets.app;
		};
		89283D872F3B6FC100D9F46E /* PBXContainerItemProxy */ = {
			isa = PBXContainerItemProxy;
			containerPortal = 89283D672F3B6FC100D9F46E /* Project object */;
			proxyType = 1;
			remoteGlobalIDString = 89283D6E2F3B6FC100D9F46E;
			remoteInfo = markets.app;
		};
/* End PBXContainerItemProxy section */

/* Begin PBXFileReference section */
		89283D6F2F3B6FC100D9F46E /* markets.app.app */ = {isa = PBXFileReference; explicitFileType = wrapper.application; includeInIndex = 0; path = markets.app.app; sourceTree = BUILT_PRODUCTS_DIR; };
		89283D7C2F3B6FC100D9F46E /* markets.appTests.xctest */ = {isa = PBXFileReference; explicitFileType = wrapper.cfbundle; includeInIndex = 0; path = markets.appTests.xctest; sourceTree = BUILT_PRODUCTS_DIR; };
		89283D862F3B6FC100D9F46E /* markets.appUITests.xctest */ = {isa = PBXFileReference; explicitFileType = wrapper.cfbundle; includeInIndex = 0; path = markets.appUITests.xctest; sourceTree = BUILT_PRODUCTS_DIR; };
/* End PBXFileReference section */

/* Begin PBXFileSystemSynchronizedRootGroup section */
		89283D712F3B6FC100D9F46E /* markets.app */ = {
			isa = PBXFileSystemSynchronizedRootGroup;
			path = markets.app;
			sourceTree = "<group>";
		};
		89283D7F2F3B6FC100D9F46E /* markets.appTests */ = {
			isa = PBXFileSystemSynchronizedRootGroup;
			path = markets.appTests;
			sourceTree = "<group>";
		};
		89283D892F3B6FC100D9F46E /* markets.appUITests */ = {
			isa = PBXFileSystemSynchronizedRootGroup;
			path = markets.appUITests;
			sourceTree = "<group>";
		};
/* End PBXFileSystemSynchronizedRootGroup section */

/* Begin PBXFrameworksBuildPhase section */
		89283D6C2F3B6FC100D9F46E /* Frameworks */ = {
			isa = PBXFrameworksBuildPhase;
			buildActionMask = 2147483647;
			files = (
				89B32A242F3B7E5800E611D4 /* FirebaseAILogic in Frameworks */,
				89B32A2A2F3B7E5800E611D4 /* FirebaseAnalyticsIdentitySupport in Frameworks */,
				89B32A222F3B7E5800E611D4 /* FirebaseAI in Frameworks */,
				89B32A262F3B7E5800E611D4 /* FirebaseAnalytics in Frameworks */,
				89B32A282F3B7E5800E611D4 /* FirebaseAnalyticsCore in Frameworks */,
			);
			runOnlyForDeploymentPostprocessing = 0;
		};
		89283D792F3B6FC100D9F46E /* Frameworks */ = {
			isa = PBXFrameworksBuildPhase;
			buildActionMask = 2147483647;
			files = (
			);
			runOnlyForDeploymentPostprocessing = 0;
		};
		89283D832F3B6FC100D9F46E /* Frameworks */ = {
			isa = PBXFrameworksBuildPhase;
			buildActionMask = 2147483647;
			files = (
			);
			runOnlyForDeploymentPostprocessing = 0;
		};
/* End PBXFrameworksBuildPhase section */

/* Begin PBXGroup section */
		89283D662F3B6FC100D9F46E = {
			isa = PBXGroup;
			children = (
				89283D712F3B6FC100D9F46E /* markets.app */,
				89283D7F2F3B6FC100D9F46E /* markets.appTests */,
				89283D892F3B6FC100D9F46E /* markets.appUITests */,
				89283D702F3B6FC100D9F46E /* Products */,
			);
			sourceTree = "<group>";
		};
		89283D702F3B6FC100D9F46E /* Products */ = {
			isa = PBXGroup;
			children = (
				89283D6F2F3B6FC100D9F46E /* markets.app.app */,
				89283D7C2F3B6FC100D9F46E /* markets.appTests.xctest */,
				89283D862F3B6FC100D9F46E /* markets.appUITests.xctest */,
			);
			name = Products;
			sourceTree = "<group>";
		};
/* End PBXGroup section */

/* Begin PBXNativeTarget section */
		89283D6E2F3B6FC100D9F46E /* markets.app */ = {
			isa = PBXNativeTarget;
			buildConfigurationList = 89283D902F3B6FC100D9F46E /* Build configuration list for PBXNativeTarget "markets.app" */;
			buildPhases = (
				89283D6B2F3B6FC100D9F46E /* Sources */,
				89283D6C2F3B6FC100D9F46E /* Frameworks */,
				89283D6D2F3B6FC100D9F46E /* Resources */,
			);
			buildRules = (
			);
			dependencies = (
			);
			fileSystemSynchronizedGroups = (
				89283D712F3B6FC100D9F46E /* markets.app */,
			);
			name = markets.app;
			packageProductDependencies = (
				89B32A212F3B7E5800E611D4 /* FirebaseAI */,
				89B32A232F3B7E5800E611D4 /* FirebaseAILogic */,
				89B32A252F3B7E5800E611D4 /* FirebaseAnalytics */,
				89B32A272F3B7E5800E611D4 /* FirebaseAnalyticsCore */,
				89B32A292F3B7E5800E611D4 /* FirebaseAnalyticsIdentitySupport */,
			);
			productName = markets.app;
			productReference = 89283D6F2F3B6FC100D9F46E /* markets.app.app */;
			productType = "com.apple.product-type.application";
		};
		89283D7B2F3B6FC100D9F46E /* markets.appTests */ = {
			isa = PBXNativeTarget;
			buildConfigurationList = 89283D932F3B6FC100D9F46E /* Build configuration list for PBXNativeTarget "markets.appTests" */;
			buildPhases = (
				89283D782F3B6FC100D9F46E /* Sources */,
				89283D792F3B6FC100D9F46E /* Frameworks */,
				89283D7A2F3B6FC100D9F46E /* Resources */,
			);
			buildRules = (
			);
			dependencies = (
				89283D7E2F3B6FC100D9F46E /* PBXTargetDependency */,
			);
			fileSystemSynchronizedGroups = (
				89283D7F2F3B6FC100D9F46E /* markets.appTests */,
			);
			name = markets.appTests;
			packageProductDependencies = (
			);
			productName = markets.appTests;
			productReference = 89283D7C2F3B6FC100D9F46E /* markets.appTests.xctest */;
			productType = "com.apple.product-type.bundle.unit-test";
		};
		89283D852F3B6FC100D9F46E /* markets.appUITests */ = {
			isa = PBXNativeTarget;
			buildConfigurationList = 89283D962F3B6FC100D9F46E /* Build configuration list for PBXNativeTarget "markets.appUITests" */;
			buildPhases = (
				89283D822F3B6FC100D9F46E /* Sources */,
				89283D832F3B6FC100D9F46E /* Frameworks */,
				89283D842F3B6FC100D9F46E /* Resources */,
			);
			buildRules = (
			);
			dependencies = (
				89283D882F3B6FC100D9F46E /* PBXTargetDependency */,
			);
			fileSystemSynchronizedGroups = (
				89283D892F3B6FC100D9F46E /* markets.appUITests */,
			);
			name = markets.appUITests;
			packageProductDependencies = (
			);
			productName = markets.appUITests;
			productReference = 89283D862F3B6FC100D9F46E /* markets.appUITests.xctest */;
			productType = "com.apple.product-type.bundle.ui-testing";
		};
/* End PBXNativeTarget section */

/* Begin PBXProject section */
		89283D672F3B6FC100D9F46E /* Project object */ = {
			isa = PBXProject;
			attributes = {
				BuildIndependentTargetsInParallel = 1;
				LastSwiftUpdateCheck = 2610;
				LastUpgradeCheck = 2610;
				TargetAttributes = {
					89283D6E2F3B6FC100D9F46E = {
						CreatedOnToolsVersion = 26.1;
					};
					89283D7B2F3B6FC100D9F46E = {
						CreatedOnToolsVersion = 26.1;
						TestTargetID = 89283D6E2F3B6FC100D9F46E;
					};
					89283D852F3B6FC100D9F46E = {
						CreatedOnToolsVersion = 26.1;
						TestTargetID = 89283D6E2F3B6FC100D9F46E;
					};
				};
			};
			buildConfigurationList = 89283D6A2F3B6FC100D9F46E /* Build configuration list for PBXProject "markets.app" */;
			developmentRegion = en;
			hasScannedForEncodings = 0;
			knownRegions = (
				en,
				Base,
			);
			mainGroup = 89283D662F3B6FC100D9F46E;
			minimizedProjectReferenceProxies = 1;
			packageReferences = (
				89283DA02F3B7A9100D9F46E /* XCRemoteSwiftPackageReference "firebase-ios-sdk" */,
			);
			preferredProjectObjectVersion = 77;
			productRefGroup = 89283D702F3B6FC100D9F46E /* Products */;
			projectDirPath = "";
			projectRoot = "";
			targets = (
				89283D6E2F3B6FC100D9F46E /* markets.app */,
				89283D7B2F3B6FC100D9F46E /* markets.appTests */,
				89283D852F3B6FC100D9F46E /* markets.appUITests */,
			);
		};
/* End PBXProject section */

/* Begin PBXResourcesBuildPhase section */
		89283D6D2F3B6FC100D9F46E /* Resources */ = {
			isa = PBXResourcesBuildPhase;
			buildActionMask = 2147483647;
			files = (
			);
			runOnlyForDeploymentPostprocessing = 0;
		};
		89283D7A2F3B6FC100D9F46E /* Resources */ = {
			isa = PBXResourcesBuildPhase;
			buildActionMask = 2147483647;
			files = (
			);
			runOnlyForDeploymentPostprocessing = 0;
		};
		89283D842F3B6FC100D9F46E /* Resources */ = {
			isa = PBXResourcesBuildPhase;
			buildActionMask = 2147483647;
			files = (
			);
			runOnlyForDeploymentPostprocessing = 0;
		};
/* End PBXResourcesBuildPhase section */

/* Begin PBXSourcesBuildPhase section */
		89283D6B2F3B6FC100D9F46E /* Sources */ = {
			isa = PBXSourcesBuildPhase;
			buildActionMask = 2147483647;
			files = (
			);
			runOnlyForDeploymentPostprocessing = 0;
		};
		89283D782F3B6FC100D9F46E /* Sources */ = {
			isa = PBXSourcesBuildPhase;
			buildActionMask = 2147483647;
			files = (
			);
			runOnlyForDeploymentPostprocessing = 0;
		};
		89283D822F3B6FC100D9F46E /* Sources */ = {
			isa = PBXSourcesBuildPhase;
			buildActionMask = 2147483647;
			files = (
			);
			runOnlyForDeploymentPostprocessing = 0;
		};
/* End PBXSourcesBuildPhase section */

/* Begin PBXTargetDependency section */
		89283D7E2F3B6FC100D9F46E /* PBXTargetDependency */ = {
			isa = PBXTargetDependency;
			target = 89283D6E2F3B6FC100D9F46E /* markets.app */;
			targetProxy = 89283D7D2F3B6FC100D9F46E /* PBXContainerItemProxy */;
		};
		89283D882F3B6FC100D9F46E /* PBXTargetDependency */ = {
			isa = PBXTargetDependency;
			target = 89283D6E2F3B6FC100D9F46E /* markets.app */;
			targetProxy = 89283D872F3B6FC100D9F46E /* PBXContainerItemProxy */;
		};
/* End PBXTargetDependency section */

/* Begin XCBuildConfiguration section */
		89283D8E2F3B6FC100D9F46E /* Debug */ = {
			isa = XCBuildConfiguration;
			buildSettings = {
				ALWAYS_SEARCH_USER_PATHS = NO;
				ASSETCATALOG_COMPILER_GENERATE_SWIFT_ASSET_SYMBOL_EXTENSIONS = YES;
				CLANG_ANALYZER_NONNULL = YES;
				CLANG_ANALYZER_NUMBER_OBJECT_CONVERSION = YES_AGGRESSIVE;
				CLANG_CXX_LANGUAGE_STANDARD = "gnu++20";
				CLANG_ENABLE_MODULES = YES;
				CLANG_ENABLE_OBJC_ARC = YES;
				CLANG_ENABLE_OBJC_WEAK = YES;
				CLANG_WARN_BLOCK_CAPTURE_AUTORELEASING = YES;
				CLANG_WARN_BOOL_CONVERSION = YES;
				CLANG_WARN_COMMA = YES;
				CLANG_WARN_CONSTANT_CONVERSION = YES;
				CLANG_WARN_DEPRECATED_OBJC_IMPLEMENTATIONS = YES;
				CLANG_WARN_DIRECT_OBJC_ISA_USAGE = YES_ERROR;
				CLANG_WARN_DOCUMENTATION_COMMENTS = YES;
				CLANG_WARN_EMPTY_BODY = YES;
				CLANG_WARN_ENUM_CONVERSION = YES;
				CLANG_WARN_INFINITE_RECURSION = YES;
				CLANG_WARN_INT_CONVERSION = YES;
				CLANG_WARN_NON_LITERAL_NULL_CONVERSION = YES;
				CLANG_WARN_OBJC_IMPLICIT_RETAIN_SELF = YES;
				CLANG_WARN_OBJC_LITERAL_CONVERSION = YES;
				CLANG_WARN_OBJC_ROOT_CLASS = YES_ERROR;
				CLANG_WARN_QUOTED_INCLUDE_IN_FRAMEWORK_HEADER = YES;
				CLANG_WARN_RANGE_LOOP_ANALYSIS = YES;
				CLANG_WARN_STRICT_PROTOTYPES = YES;
				CLANG_WARN_SUSPICIOUS_MOVE = YES;
				CLANG_WARN_UNGUARDED_AVAILABILITY = YES_AGGRESSIVE;
				CLANG_WARN_UNREACHABLE_CODE = YES;
				CLANG_WARN__DUPLICATE_METHOD_MATCH = YES;
				COPY_PHASE_STRIP = NO;
				DEBUG_INFORMATION_FORMAT = dwarf;
				DEVELOPMENT_TEAM = 77Y7K66TVJ;
				ENABLE_STRICT_OBJC_MSGSEND = YES;
				ENABLE_TESTABILITY = YES;
				ENABLE_USER_SCRIPT_SANDBOXING = YES;
				GCC_C_LANGUAGE_STANDARD = gnu17;
				GCC_DYNAMIC_NO_PIC = NO;
				GCC_NO_COMMON_BLOCKS = YES;
				GCC_OPTIMIZATION_LEVEL = 0;
				GCC_PREPROCESSOR_DEFINITIONS = (
					"DEBUG=1",
					"$(inherited)",
				);
				GCC_WARN_64_TO_32_BIT_CONVERSION = YES;
				GCC_WARN_ABOUT_RETURN_TYPE = YES_ERROR;
				GCC_WARN_UNDECLARED_SELECTOR = YES;
				GCC_WARN_UNINITIALIZED_AUTOS = YES_AGGRESSIVE;
				GCC_WARN_UNUSED_FUNCTION = YES;
				GCC_WARN_UNUSED_VARIABLE = YES;
				IPHONEOS_DEPLOYMENT_TARGET = 26.1;
				LOCALIZATION_PREFERS_STRING_CATALOGS = YES;
				MTL_ENABLE_DEBUG_INFO = INCLUDE_SOURCE;
				MTL_FAST_MATH = YES;
				ONLY_ACTIVE_ARCH = YES;
				SDKROOT = iphoneos;
				SWIFT_ACTIVE_COMPILATION_CONDITIONS = "DEBUG $(inherited)";
				SWIFT_OPTIMIZATION_LEVEL = "-Onone";
			};
			name = Debug;
		};
		89283D8F2F3B6FC100D9F46E /* Release */ = {
			isa = XCBuildConfiguration;
			buildSettings = {
				ALWAYS_SEARCH_USER_PATHS = NO;
				ASSETCATALOG_COMPILER_GENERATE_SWIFT_ASSET_SYMBOL_EXTENSIONS = YES;
				CLANG_ANALYZER_NONNULL = YES;
				CLANG_ANALYZER_NUMBER_OBJECT_CONVERSION = YES_AGGRESSIVE;
				CLANG_CXX_LANGUAGE_STANDARD = "gnu++20";
				CLANG_ENABLE_MODULES = YES;
				CLANG_ENABLE_OBJC_ARC = YES;
				CLANG_ENABLE_OBJC_WEAK = YES;
				CLANG_WARN_BLOCK_CAPTURE_AUTORELEASING = YES;
				CLANG_WARN_BOOL_CONVERSION = YES;
				CLANG_WARN_COMMA = YES;
				CLANG_WARN_CONSTANT_CONVERSION = YES;
				CLANG_WARN_DEPRECATED_OBJC_IMPLEMENTATIONS = YES;
				CLANG_WARN_DIRECT_OBJC_ISA_USAGE = YES_ERROR;
				CLANG_WARN_DOCUMENTATION_COMMENTS = YES;
				CLANG_WARN_EMPTY_BODY = YES;
				CLANG_WARN_ENUM_CONVERSION = YES;
				CLANG_WARN_INFINITE_RECURSION = YES;
				CLANG_WARN_INT_CONVERSION = YES;
				CLANG_WARN_NON_LITERAL_NULL_CONVERSION = YES;
				CLANG_WARN_OBJC_IMPLICIT_RETAIN_SELF = YES;
				CLANG_WARN_OBJC_LITERAL_CONVERSION = YES;
				CLANG_WARN_OBJC_ROOT_CLASS = YES_ERROR;
				CLANG_WARN_QUOTED_INCLUDE_IN_FRAMEWORK_HEADER = YES;
				CLANG_WARN_RANGE_LOOP_ANALYSIS = YES;
				CLANG_WARN_STRICT_PROTOTYPES = YES;
				CLANG_WARN_SUSPICIOUS_MOVE = YES;
				CLANG_WARN_UNGUARDED_AVAILABILITY = YES_AGGRESSIVE;
				CLANG_WARN_UNREACHABLE_CODE = YES;
				CLANG_WARN__DUPLICATE_METHOD_MATCH = YES;
				COPY_PHASE_STRIP = NO;
				DEBUG_INFORMATION_FORMAT = "dwarf-with-dsym";
				DEVELOPMENT_TEAM = 77Y7K66TVJ;
				ENABLE_NS_ASSERTIONS = NO;
				ENABLE_STRICT_OBJC_MSGSEND = YES;
				ENABLE_USER_SCRIPT_SANDBOXING = YES;
				GCC_C_LANGUAGE_STANDARD = gnu17;
				GCC_NO_COMMON_BLOCKS = YES;
				GCC_WARN_64_TO_32_BIT_CONVERSION = YES;
				GCC_WARN_ABOUT_RETURN_TYPE = YES_ERROR;
				GCC_WARN_UNDECLARED_SELECTOR = YES;
				GCC_WARN_UNINITIALIZED_AUTOS = YES_AGGRESSIVE;
				GCC_WARN_UNUSED_FUNCTION = YES;
				GCC_WARN_UNUSED_VARIABLE = YES;
				IPHONEOS_DEPLOYMENT_TARGET = 26.1;
				LOCALIZATION_PREFERS_STRING_CATALOGS = YES;
				MTL_ENABLE_DEBUG_INFO = NO;
				MTL_FAST_MATH = YES;
				SDKROOT = iphoneos;
				SWIFT_COMPILATION_MODE = wholemodule;
				VALIDATE_PRODUCT = YES;
			};
			name = Release;
		};
		89283D912F3B6FC100D9F46E /* Debug */ = {
			isa = XCBuildConfiguration;
			buildSettings = {
				ASSETCATALOG_COMPILER_APPICON_NAME = AppIcon;
				ASSETCATALOG_COMPILER_GLOBAL_ACCENT_COLOR_NAME = AccentColor;
				CODE_SIGN_STYLE = Automatic;
				CURRENT_PROJECT_VERSION = 1;
				DEVELOPMENT_TEAM = 77Y7K66TVJ;
				ENABLE_PREVIEWS = YES;
				GENERATE_INFOPLIST_FILE = YES;
				INFOPLIST_KEY_UIApplicationSceneManifest_Generation = YES;
				INFOPLIST_KEY_UIApplicationSupportsIndirectInputEvents = YES;
				INFOPLIST_KEY_UILaunchScreen_Generation = YES;
				INFOPLIST_KEY_UISupportedInterfaceOrientations_iPad = "UIInterfaceOrientationPortrait UIInterfaceOrientationPortraitUpsideDown UIInterfaceOrientationLandscapeLeft UIInterfaceOrientationLandscapeRight";
				INFOPLIST_KEY_UISupportedInterfaceOrientations_iPhone = "UIInterfaceOrientationPortrait UIInterfaceOrientationLandscapeLeft UIInterfaceOrientationLandscapeRight";
				LD_RUNPATH_SEARCH_PATHS = (
					"$(inherited)",
					"@executable_path/Frameworks",
				);
				MARKETING_VERSION = 1.0;
				PRODUCT_BUNDLE_IDENTIFIER = "ab.markets-app";
				PRODUCT_NAME = "$(TARGET_NAME)";
				STRING_CATALOG_GENERATE_SYMBOLS = YES;
				SWIFT_APPROACHABLE_CONCURRENCY = YES;
				SWIFT_DEFAULT_ACTOR_ISOLATION = MainActor;
				SWIFT_EMIT_LOC_STRINGS = YES;
				SWIFT_UPCOMING_FEATURE_MEMBER_IMPORT_VISIBILITY = YES;
				SWIFT_VERSION = 5.0;
				TARGETED_DEVICE_FAMILY = "1,2";
			};
			name = Debug;
		};
		89283D922F3B6FC100D9F46E /* Release */ = {
			isa = XCBuildConfiguration;
			buildSettings = {
				ASSETCATALOG_COMPILER_APPICON_NAME = AppIcon;
				ASSETCATALOG_COMPILER_GLOBAL_ACCENT_COLOR_NAME = AccentColor;
				CODE_SIGN_STYLE = Automatic;
				CURRENT_PROJECT_VERSION = 1;
				DEVELOPMENT_TEAM = 77Y7K66TVJ;
				ENABLE_PREVIEWS = YES;
				GENERATE_INFOPLIST_FILE = YES;
				INFOPLIST_KEY_UIApplicationSceneManifest_Generation = YES;
				INFOPLIST_KEY_UIApplicationSupportsIndirectInputEvents = YES;
				INFOPLIST_KEY_UILaunchScreen_Generation = YES;
				INFOPLIST_KEY_UISupportedInterfaceOrientations_iPad = "UIInterfaceOrientationPortrait UIInterfaceOrientationPortraitUpsideDown UIInterfaceOrientationLandscapeLeft UIInterfaceOrientationLandscapeRight";
				INFOPLIST_KEY_UISupportedInterfaceOrientations_iPhone = "UIInterfaceOrientationPortrait UIInterfaceOrientationLandscapeLeft UIInterfaceOrientationLandscapeRight";
				LD_RUNPATH_SEARCH_PATHS = (
					"$(inherited)",
					"@executable_path/Frameworks",
				);
				MARKETING_VERSION = 1.0;
				PRODUCT_BUNDLE_IDENTIFIER = "ab.markets-app";
				PRODUCT_NAME = "$(TARGET_NAME)";
				STRING_CATALOG_GENERATE_SYMBOLS = YES;
				SWIFT_APPROACHABLE_CONCURRENCY = YES;
				SWIFT_DEFAULT_ACTOR_ISOLATION = MainActor;
				SWIFT_EMIT_LOC_STRINGS = YES;
				SWIFT_UPCOMING_FEATURE_MEMBER_IMPORT_VISIBILITY = YES;
				SWIFT_VERSION = 5.0;
				TARGETED_DEVICE_FAMILY = "1,2";
			};
			name = Release;
		};
		89283D942F3B6FC100D9F46E /* Debug */ = {
			isa = XCBuildConfiguration;
			buildSettings = {
				BUNDLE_LOADER = "$(TEST_HOST)";
				CODE_SIGN_STYLE = Automatic;
				CURRENT_PROJECT_VERSION = 1;
				DEVELOPMENT_TEAM = 77Y7K66TVJ;
				GENERATE_INFOPLIST_FILE = YES;
				IPHONEOS_DEPLOYMENT_TARGET = 26.1;
				MARKETING_VERSION = 1.0;
				PRODUCT_BUNDLE_IDENTIFIER = "ab.markets-appTests";
				PRODUCT_NAME = "$(TARGET_NAME)";
				STRING_CATALOG_GENERATE_SYMBOLS = NO;
				SWIFT_APPROACHABLE_CONCURRENCY = YES;
				SWIFT_EMIT_LOC_STRINGS = NO;
				SWIFT_UPCOMING_FEATURE_MEMBER_IMPORT_VISIBILITY = YES;
				SWIFT_VERSION = 5.0;
				TARGETED_DEVICE_FAMILY = "1,2";
				TEST_HOST = "$(BUILT_PRODUCTS_DIR)/markets.app.app/$(BUNDLE_EXECUTABLE_FOLDER_PATH)/markets.app";
			};
			name = Debug;
		};
		89283D952F3B6FC100D9F46E /* Release */ = {
			isa = XCBuildConfiguration;
			buildSettings = {
				BUNDLE_LOADER = "$(TEST_HOST)";
				CODE_SIGN_STYLE = Automatic;
				CURRENT_PROJECT_VERSION = 1;
				DEVELOPMENT_TEAM = 77Y7K66TVJ;
				GENERATE_INFOPLIST_FILE = YES;
				IPHONEOS_DEPLOYMENT_TARGET = 26.1;
				MARKETING_VERSION = 1.0;
				PRODUCT_BUNDLE_IDENTIFIER = "ab.markets-appTests";
				PRODUCT_NAME = "$(TARGET_NAME)";
				STRING_CATALOG_GENERATE_SYMBOLS = NO;
				SWIFT_APPROACHABLE_CONCURRENCY = YES;
				SWIFT_EMIT_LOC_STRINGS = NO;
				SWIFT_UPCOMING_FEATURE_MEMBER_IMPORT_VISIBILITY = YES;
				SWIFT_VERSION = 5.0;
				TARGETED_DEVICE_FAMILY = "1,2";
				TEST_HOST = "$(BUILT_PRODUCTS_DIR)/markets.app.app/$(BUNDLE_EXECUTABLE_FOLDER_PATH)/markets.app";
			};
			name = Release;
		};
		89283D972F3B6FC100D9F46E /* Debug */ = {
			isa = XCBuildConfiguration;
			buildSettings = {
				CODE_SIGN_STYLE = Automatic;
				CURRENT_PROJECT_VERSION = 1;
				DEVELOPMENT_TEAM = 77Y7K66TVJ;
				GENERATE_INFOPLIST_FILE = YES;
				MARKETING_VERSION = 1.0;
				PRODUCT_BUNDLE_IDENTIFIER = "ab.markets-appUITests";
				PRODUCT_NAME = "$(TARGET_NAME)";
				STRING_CATALOG_GENERATE_SYMBOLS = NO;
				SWIFT_APPROACHABLE_CONCURRENCY = YES;
				SWIFT_EMIT_LOC_STRINGS = NO;
				SWIFT_UPCOMING_FEATURE_MEMBER_IMPORT_VISIBILITY = YES;
				SWIFT_VERSION = 5.0;
				TARGETED_DEVICE_FAMILY = "1,2";
				TEST_TARGET_NAME = markets.app;
			};
			name = Debug;
		};
		89283D982F3B6FC100D9F46E /* Release */ = {
			isa = XCBuildConfiguration;
			buildSettings = {
				CODE_SIGN_STYLE = Automatic;
				CURRENT_PROJECT_VERSION = 1;
				DEVELOPMENT_TEAM = 77Y7K66TVJ;
				GENERATE_INFOPLIST_FILE = YES;
				MARKETING_VERSION = 1.0;
				PRODUCT_BUNDLE_IDENTIFIER = "ab.markets-appUITests";
				PRODUCT_NAME = "$(TARGET_NAME)";
				STRING_CATALOG_GENERATE_SYMBOLS = NO;
				SWIFT_APPROACHABLE_CONCURRENCY = YES;
				SWIFT_EMIT_LOC_STRINGS = NO;
				SWIFT_UPCOMING_FEATURE_MEMBER_IMPORT_VISIBILITY = YES;
				SWIFT_VERSION = 5.0;
				TARGETED_DEVICE_FAMILY = "1,2";
				TEST_TARGET_NAME = markets.app;
			};
			name = Release;
		};
/* End XCBuildConfiguration section */

/* Begin XCConfigurationList section */
		89283D6A2F3B6FC100D9F46E /* Build configuration list for PBXProject "markets.app" */ = {
			isa = XCConfigurationList;
			buildConfigurations = (
				89283D8E2F3B6FC100D9F46E /* Debug */,
				89283D8F2F3B6FC100D9F46E /* Release */,
			);
			defaultConfigurationIsVisible = 0;
			defaultConfigurationName = Release;
		};
		89283D902F3B6FC100D9F46E /* Build configuration list for PBXNativeTarget "markets.app" */ = {
			isa = XCConfigurationList;
			buildConfigurations = (
				89283D912F3B6FC100D9F46E /* Debug */,
				89283D922F3B6FC100D9F46E /* Release */,
			);
			defaultConfigurationIsVisible = 0;
			defaultConfigurationName = Release;
		};
		89283D932F3B6FC100D9F46E /* Build configuration list for PBXNativeTarget "markets.appTests" */ = {
			isa = XCConfigurationList;
			buildConfigurations = (
				89283D942F3B6FC100D9F46E /* Debug */,
				89283D952F3B6FC100D9F46E /* Release */,
			);
			defaultConfigurationIsVisible = 0;
			defaultConfigurationName = Release;
		};
		89283D962F3B6FC100D9F46E /* Build configuration list for PBXNativeTarget "markets.appUITests" */ = {
			isa = XCConfigurationList;
			buildConfigurations = (
				89283D972F3B6FC100D9F46E /* Debug */,
				89283D982F3B6FC100D9F46E /* Release */,
			);
			defaultConfigurationIsVisible = 0;
			defaultConfigurationName = Release;
		};
/* End XCConfigurationList section */

/* Begin XCRemoteSwiftPackageReference section */
		89283DA02F3B7A9100D9F46E /* XCRemoteSwiftPackageReference "firebase-ios-sdk" */ = {
			isa = XCRemoteSwiftPackageReference;
			repositoryURL = "https://github.com/firebase/firebase-ios-sdk";
			requirement = {
				kind = upToNextMinorVersion;
				minimumVersion = 12.9.0;
			};
		};
/* End XCRemoteSwiftPackageReference section */

/* Begin XCSwiftPackageProductDependency section */
		89B32A212F3B7E5800E611D4 /* FirebaseAI */ = {
			isa = XCSwiftPackageProductDependency;
			package = 89283DA02F3B7A9100D9F46E /* XCRemoteSwiftPackageReference "firebase-ios-sdk" */;
			productName = FirebaseAI;
		};
		89B32A232F3B7E5800E611D4 /* FirebaseAILogic */ = {
			isa = XCSwiftPackageProductDependency;
			package = 89283DA02F3B7A9100D9F46E /* XCRemoteSwiftPackageReference "firebase-ios-sdk" */;
			productName = FirebaseAILogic;
		};
		89B32A252F3B7E5800E611D4 /* FirebaseAnalytics */ = {
			isa = XCSwiftPackageProductDependency;
			package = 89283DA02F3B7A9100D9F46E /* XCRemoteSwiftPackageReference "firebase-ios-sdk" */;
			productName = FirebaseAnalytics;
		};
		89B32A272F3B7E5800E611D4 /* FirebaseAnalyticsCore */ = {
			isa = XCSwiftPackageProductDependency;
			package = 89283DA02F3B7A9100D9F46E /* XCRemoteSwiftPackageReference "firebase-ios-sdk" */;
			productName = FirebaseAnalyticsCore;
		};
		89B32A292F3B7E5800E611D4 /* FirebaseAnalyticsIdentitySupport */ = {
			isa = XCSwiftPackageProductDependency;
			package = 89283DA02F3B7A9100D9F46E /* XCRemoteSwiftPackageReference "firebase-ios-sdk" */;
			productName = FirebaseAnalyticsIdentitySupport;
		};
/* End XCSwiftPackageProductDependency section */
	};
	rootObject = 89283D672F3B6FC100D9F46E /* Project object */;
}
